{
  "name": "Vihang",
  "lockfileVersion": 3,
  "requires": true,
  "packages": {
    "": {
      "dependencies": {
        "@hookform/resolvers": "^5.2.1",
        "@tanstack/react-query": "^5.85.3",
        "lucide-react": "^0.539.0",
        "react": "^19.1.1",
        "react-hook-form": "^7.62.0",
        "zod": "^4.0.17"
      }
    },
    "node_modules/@hookform/resolvers": {
      "version": "5.2.1",
      "resolved": "https://registry.npmjs.org/@hookform/resolvers/-/resolvers-5.2.1.tgz",
      "integrity": "sha512-u0+6X58gkjMcxur1wRWokA7XsiiBJ6aK17aPZxhkoYiK5J+HcTx0Vhu9ovXe6H+dVpO6cjrn2FkJTryXEMlryQ==",
      "license": "MIT",
      "dependencies": {
        "@standard-schema/utils": "^0.3.0"
      },
      "peerDependencies": {
        "react-hook-form": "^7.55.0"
      }
    },
    "node_modules/@standard-schema/utils": {
      "version": "0.3.0",
      "resolved": "https://registry.npmjs.org/@standard-schema/utils/-/utils-0.3.0.tgz",
      "integrity": "sha512-e7Mew686owMaPJVNNLs55PUvgz371nKgwsc4vxE49zsODpJEnxgxRo2y/OKrqueavXgZNMDVj3DdHFlaSAeU8g==",
      "license": "MIT"
    },
    "node_modules/@tanstack/query-core": {
      "version": "5.85.3",
      "resolved": "https://registry.npmjs.org/@tanstack/query-core/-/query-core-5.85.3.tgz",
      "integrity": "sha512-9Ne4USX83nHmRuEYs78LW+3lFEEO2hBDHu7mrdIgAFx5Zcrs7ker3n/i8p4kf6OgKExmaDN5oR0efRD7i2J0DQ==",
      "license": "MIT",
      "funding": {
        "type": "github",
        "url": "https://github.com/sponsors/tannerlinsley"
      }
    },
    "node_modules/@tanstack/react-query": {
      "version": "5.85.3",
      "resolved": "https://registry.npmjs.org/@tanstack/react-query/-/react-query-5.85.3.tgz",
      "integrity": "sha512-AqU8TvNh5GVIE8I+TUU0noryBRy7gOY0XhSayVXmOPll4UkZeLWKDwi0rtWOZbwLRCbyxorfJ5DIjDqE7GXpcQ==",
      "license": "MIT",
      "dependencies": {
        "@tanstack/query-core": "5.85.3"
      },
      "funding": {
        "type": "github",
        "url": "https://github.com/sponsors/tannerlinsley"
      },
      "peerDependencies": {
        "react": "^18 || ^19"
      }
    },
    "node_modules/lucide-react": {
      "version": "0.539.0",
      "resolved": "https://registry.npmjs.org/lucide-react/-/lucide-react-0.539.0.tgz",
      "integrity": "sha512-VVISr+VF2krO91FeuCrm1rSOLACQUYVy7NQkzrOty52Y8TlTPcXcMdQFj9bYzBgXbWCiywlwSZ3Z8u6a+6bMlg==",
      "license": "ISC",
      "peerDependencies": {
        "react": "^16.5.1 || ^17.0.0 || ^18.0.0 || ^19.0.0"
      }
    },
    "node_modules/react": {
      "version": "19.1.1",
      "resolved": "https://registry.npmjs.org/react/-/react-19.1.1.tgz",
      "integrity": "sha512-w8nqGImo45dmMIfljjMwOGtbmC/mk4CMYhWIicdSflH91J9TyCyczcPFXJzrZ/ZXcgGRFeP6BU0BEJTw6tZdfQ==",
      "license": "MIT",
      "engines": {
        "node": ">=0.10.0"
      }
    },
    "node_modules/react-hook-form": {
      "version": "7.62.0",
      "resolved": "https://registry.npmjs.org/react-hook-form/-/react-hook-form-7.62.0.tgz",
      "integrity": "sha512-7KWFejc98xqG/F4bAxpL41NB3o1nnvQO1RWZT3TqRZYL8RryQETGfEdVnJN2fy1crCiBLLjkRBVK05j24FxJGA==",
      "license": "MIT",
      "engines": {
        "node": ">=18.0.0"
      },
      "funding": {
        "type": "opencollective",
        "url": "https://opencollective.com/react-hook-form"
      },
      "peerDependencies": {
        "react": "^16.8.0 || ^17 || ^18 || ^19"
      }
    },
    "node_modules/zod": {
      "version": "4.0.17",
      "resolved": "https://registry.npmjs.org/zod/-/zod-4.0.17.tgz",
      "integrity": "sha512-1PHjlYRevNxxdy2JZ8JcNAw7rX8V9P1AKkP+x/xZfxB0K5FYfuV+Ug6P/6NVSR2jHQ+FzDDoDHS04nYUsOIyLQ==",
      "license": "MIT",
      "funding": {
        "url": "https://github.com/sponsors/colinhacks"
      }
    }
  }
}
